{
  "name": "cms-pjatk",
  "version": "1.0.0",
  "lockfileVersion": 2,
  "requires": true,
  "packages": {
    "": {
      "version": "1.0.0",
      "license": "GNU",
      "workspaces": [
        "./",
        "./packages/*"
      ],
      "devDependencies": {
        "@commitlint/cli": "11.0.0",
        "@commitlint/config-conventional": "11.0.0",
        "lerna": "3.22.1"
      }
    }
  }
}
